
Microsoft Visual Studio Solution File, Format Version 12.00
# Visual Studio Version 16
VisualStudioVersion = 16.0.31410.357
MinimumVisualStudioVersion = 10.0.40219.1
Project("{9A19103F-16F7-4668-BE54-9A1E7A4F7556}") = "Gvault", "Gvault.csproj", "{77CB924E-1846-47FE-B04A-4840F673DE70}"
EndProject
Global
	GlobalSection(SolutionConfigurationPlatforms) = preSolution
		Debug|Any CPU = Debug|Any CPU
		Release|Any CPU = Release|Any CPU
	EndGlobalSection
	GlobalSection(ProjectConfigurationPlatforms) = postSolution
		{77CB924E-1846-47FE-B04A-4840F673DE70}.Debug|Any CPU.ActiveCfg = Debug|Any CPU
		{77CB924E-1846-47FE-B04A-4840F673DE70}.Debug|Any CPU.Build.0 = Debug|Any CPU
		{77CB924E-1846-47FE-B04A-4840F673DE70}.Release|Any CPU.ActiveCfg = Release|Any CPU
		{77CB924E-1846-47FE-B04A-4840F673DE70}.Release|Any CPU.Build.0 = Release|Any CPU
	EndGlobalSection
	GlobalSection(SolutionProperties) = preSolution
		HideSolutionNode = FALSE
	EndGlobalSection
	GlobalSection(ExtensibilityGlobals) = postSolution
		SolutionGuid = {FE33BD63-486D-41CB-B643-1036F39BB630}
	EndGlobalSection
EndGlobal
